<?xml version="1.0" encoding="utf-8"?>
<Project ToolsVersion="4.0" xmlns="http://schemas.microsoft.com/developer/msbuild/2003">
  <ItemGroup>
    <Filter Include="Source Files">
      <UniqueIdentifier>{4FC737F1-C7A5-4376-A066-2A32D752A2FF}</UniqueIdentifier>
      <Extensions>cpp;c;cc;cxx;def;odl;idl;hpj;bat;asm;asmx</Extensions>
    </Filter>
    <Filter Include="Header Files">
      <UniqueIdentifier>{93995380-89BD-4b04-88EB-625FBE52EBFB}</UniqueIdentifier>
      <Extensions>h;hh;hpp;hxx;hm;inl;inc;xsd</Extensions>
    </Filter>
    <Filter Include="Resource Files">
      <UniqueIdentifier>{67DA6AB6-F800-4c08-8B7A-83BB121AAD01}</UniqueIdentifier>
      <Extensions>rc;ico;cur;bmp;dlg;rc2;rct;bin;rgs;gif;jpg;jpeg;jpe;resx;tiff;tif;png;wav;mfcribbon-ms</Extensions>
    </Filter>
    <Filter Include="Header Files\Screens">
      <UniqueIdentifier>{3eae4c5e-6191-4480-bfdf-e2e3a54f397d}</UniqueIdentifier>
    </Filter>
    <Filter Include="Source Files\Screens">
      <UniqueIdentifier>{7f2605e7-5924-4c8b-8c45-0dab001285b8}</UniqueIdentifier>
    </Filter>
    <Filter Include="Source Files\Helper">
      <UniqueIdentifier>{b8f413eb-df34-49c6-8b2d-1da9c8f9782a}</UniqueIdentifier>
    </Filter>
    <Filter Include="Header Files\Helper">
      <UniqueIdentifier>{6bc1160d-2668-4808-aa1a-38fa1474dd49}</UniqueIdentifier>
    </Filter>
    <Filter Include="Source Files\Game Elements">
      <UniqueIdentifier>{00dd3e1d-01a1-4956-b522-136fae219f2e}</UniqueIdentifier>
    </Filter>
    <Filter Include="Header Files\Game Elements">
      <UniqueIdentifier>{71b318ed-94a9-43ba-af4c-360fd4f373ca}</UniqueIdentifier>
    </Filter>
  </ItemGroup>
  <ItemGroup>
    <ClCompile Include="Intro.cpp">
      <Filter>Source Files</Filter>
    </ClCompile>
    <ClCompile Include="Game.cpp">
      <Filter>Source Files</Filter>
    </ClCompile>
    <ClCompile Include="License.cpp">
      <Filter>Source Files\Screens</Filter>
    </ClCompile>
    <ClCompile Include="Splash.cpp">
      <Filter>Source Files\Screens</Filter>
    </ClCompile>
    <ClCompile Include="Screen.cpp">
      <Filter>Source Files\Screens</Filter>
    </ClCompile>
    <ClCompile Include="MainMenu.cpp">
      <Filter>Source Files\Screens</Filter>
    </ClCompile>
    <ClCompile Include="Credits.cpp">
      <Filter>Source Files\Screens</Filter>
    </ClCompile>
    <ClCompile Include="Options.cpp">
      <Filter>Source Files\Screens</Filter>
    </ClCompile>
    <ClCompile Include="Help.cpp">
      <Filter>Source Files\Screens</Filter>
    </ClCompile>
    <ClCompile Include="Play.cpp">
      <Filter>Source Files\Screens</Filter>
    </ClCompile>
    <ClCompile Include="vector2.cpp">
      <Filter>Source Files\Helper</Filter>
    </ClCompile>
    <ClCompile Include="Player.cpp">
      <Filter>Source Files\Game Elements</Filter>
    </ClCompile>
    <ClCompile Include="Projectile.cpp">
      <Filter>Source Files\Game Elements</Filter>
    </ClCompile>
    <ClCompile Include="Map.cpp">
      <Filter>Source Files\Game Elements</Filter>
    </ClCompile>
    <ClCompile Include="ScreenManager.cpp">
      <Filter>Source Files\Screens</Filter>
    </ClCompile>
    <ClCompile Include="Tile.cpp">
      <Filter>Source Files\Game Elements</Filter>
    </ClCompile>
    <ClCompile Include="Pause.cpp">
      <Filter>Source Files\Screens</Filter>
    </ClCompile>
    <ClCompile Include="Enemy.cpp">
      <Filter>Source Files\Game Elements</Filter>
    </ClCompile>
    <ClCompile Include="PostWaveMenu.cpp">
      <Filter>Source Files\Screens</Filter>
    </ClCompile>
    <ClCompile Include="Upgrades.cpp">
      <Filter>Source Files</Filter>
    </ClCompile>
  </ItemGroup>
  <ItemGroup>
    <ClInclude Include="Game.h">
      <Filter>Header Files</Filter>
    </ClInclude>
    <ClInclude Include="GameStates.h">
      <Filter>Header Files\Screens</Filter>
    </ClInclude>
    <ClInclude Include="License.h">
      <Filter>Header Files\Screens</Filter>
    </ClInclude>
    <ClInclude Include="Splash.h">
      <Filter>Header Files\Screens</Filter>
    </ClInclude>
    <ClInclude Include="Screen.h">
      <Filter>Header Files\Screens</Filter>
    </ClInclude>
    <ClInclude Include="MainMenu.h">
      <Filter>Header Files\Screens</Filter>
    </ClInclude>
    <ClInclude Include="Help.h">
      <Filter>Header Files\Screens</Filter>
    </ClInclude>
    <ClInclude Include="Options.h">
      <Filter>Header Files\Screens</Filter>
    </ClInclude>
    <ClInclude Include="Credits.h">
      <Filter>Header Files\Screens</Filter>
    </ClInclude>
    <ClInclude Include="Play.h">
      <Filter>Header Files\Screens</Filter>
    </ClInclude>
    <ClInclude Include="vector2.h">
      <Filter>Header Files\Helper</Filter>
    </ClInclude>
    <ClInclude Include="uiHelper.h">
      <Filter>Header Files\Helper</Filter>
    </ClInclude>
    <ClInclude Include="Map.h">
      <Filter>Header Files\Game Elements</Filter>
    </ClInclude>
    <ClInclude Include="Player.h">
      <Filter>Header Files\Game Elements</Filter>
    </ClInclude>
    <ClInclude Include="Projectile.h">
      <Filter>Header Files\Game Elements</Filter>
    </ClInclude>
    <ClInclude Include="ScreenManager.h">
      <Filter>Header Files\Screens</Filter>
    </ClInclude>
    <ClInclude Include="Tile.h">
      <Filter>Header Files\Game Elements</Filter>
    </ClInclude>
    <ClInclude Include="Pause.h">
      <Filter>Header Files\Screens</Filter>
    </ClInclude>
    <ClInclude Include="Enemy.h">
      <Filter>Header Files\Game Elements</Filter>
    </ClInclude>
    <ClInclude Include="Merchant.h">
      <Filter>Header Files</Filter>
    </ClInclude>
    <ClInclude Include="PostWaveMenu.h">
      <Filter>Header Files\Screens</Filter>
    </ClInclude>
    <ClInclude Include="Upgrades.h">
      <Filter>Header Files</Filter>
    </ClInclude>
  </ItemGroup>
  <ItemGroup>
    <None Include="ASSETS\shaders\fragmentShaders\ground_one.frag">
      <Filter>Resource Files</Filter>
    </None>
  </ItemGroup>
</Project>